// !$*UTF8*$!
{
	archiveVersion = 1;
	classes = {
	};
	objectVersion = 50;
	objects = {

/* Begin PBXBuildFile section */
		84A2AE702501388F0001BE61 /* AppDelegate.swift in Sources */ = {isa = PBXBuildFile; fileRef = 84A2AE6F2501388F0001BE61 /* AppDelegate.swift */; };
		84A2AE722501388F0001BE61 /* SceneDelegate.swift in Sources */ = {isa = PBXBuildFile; fileRef = 84A2AE712501388F0001BE61 /* SceneDelegate.swift */; };
		84A2AE742501388F0001BE61 /* ViewController.swift in Sources */ = {isa = PBXBuildFile; fileRef = 84A2AE732501388F0001BE61 /* ViewController.swift */; };
		84A2AE772501388F0001BE61 /* Main.storyboard in Resources */ = {isa = PBXBuildFile; fileRef = 84A2AE752501388F0001BE61 /* Main.storyboard */; };
		84A2AE79250138920001BE61 /* Assets.xcassets in Resources */ = {isa = PBXBuildFile; fileRef = 84A2AE78250138920001BE61 /* Assets.xcassets */; };
		84A2AE7C250138920001BE61 /* LaunchScreen.storyboard in Resources */ = {isa = PBXBuildFile; fileRef = 84A2AE7A250138920001BE61 /* LaunchScreen.storyboard */; };
		84A2AE87250138930001BE61 /* hm2Tests.swift in Sources */ = {isa = PBXBuildFile; fileRef = 84A2AE86250138930001BE61 /* hm2Tests.swift */; };
		84A2AE92250138930001BE61 /* hm2UITests.swift in Sources */ = {isa = PBXBuildFile; fileRef = 84A2AE91250138930001BE61 /* hm2UITests.swift */; };
/* End PBXBuildFile section */

/* Begin PBXContainerItemProxy section */
		84A2AE83250138930001BE61 /* PBXContainerItemProxy */ = {
			isa = PBXContainerItemProxy;
			containerPortal = 84A2AE642501388F0001BE61 /* Project object */;
			proxyType = 1;
			remoteGlobalIDString = 84A2AE6B2501388F0001BE61;
			remoteInfo = hm2;
		};
		84A2AE8E250138930001BE61 /* PBXContainerItemProxy */ = {
			isa = PBXContainerItemProxy;
			containerPortal = 84A2AE642501388F0001BE61 /* Project object */;
			proxyType = 1;
			remoteGlobalIDString = 84A2AE6B2501388F0001BE61;
			remoteInfo = hm2;
		};
/* End PBXContainerItemProxy section */

/* Begin PBXFileReference section */
		84A2AE6C2501388F0001BE61 /* hm2.app */ = {isa = PBXFileReference; explicitFileType = wrapper.application; includeInIndex = 0; path = hm2.app; sourceTree = BUILT_PRODUCTS_DIR; };
		84A2AE6F2501388F0001BE61 /* AppDelegate.swift */ = {isa = PBXFileReference; lastKnownFileType = sourcecode.swift; path = AppDelegate.swift; sourceTree = "<group>"; };
		84A2AE712501388F0001BE61 /* SceneDelegate.swift */ = {isa = PBXFileReference; lastKnownFileType = sourcecode.swift; path = SceneDelegate.swift; sourceTree = "<group>"; };
		84A2AE732501388F0001BE61 /* ViewController.swift */ = {isa = PBXFileReference; lastKnownFileType = sourcecode.swift; path = ViewController.swift; sourceTree = "<group>"; };
		84A2AE762501388F0001BE61 /* Base */ = {isa = PBXFileReference; lastKnownFileType = file.storyboard; name = Base; path = Base.lproj/Main.storyboard; sourceTree = "<group>"; };
		84A2AE78250138920001BE61 /* Assets.xcassets */ = {isa = PBXFileReference; lastKnownFileType = folder.assetcatalog; path = Assets.xcassets; sourceTree = "<group>"; };
		84A2AE7B250138920001BE61 /* Base */ = {isa = PBXFileReference; lastKnownFileType = file.storyboard; name = Base; path = Base.lproj/LaunchScreen.storyboard; sourceTree = "<group>"; };
		84A2AE7D250138920001BE61 /* Info.plist */ = {isa = PBXFileReference; lastKnownFileType = text.plist.xml; path = Info.plist; sourceTree = "<group>"; };
		84A2AE82250138930001BE61 /* hm2Tests.xctest */ = {isa = PBXFileReference; explicitFileType = wrapper.cfbundle; includeInIndex = 0; path = hm2Tests.xctest; sourceTree = BUILT_PRODUCTS_DIR; };
		84A2AE86250138930001BE61 /* hm2Tests.swift */ = {isa = PBXFileReference; lastKnownFileType = sourcecode.swift; path = hm2Tests.swift; sourceTree = "<group>"; };
		84A2AE88250138930001BE61 /* Info.plist */ = {isa = PBXFileReference; lastKnownFileType = text.plist.xml; path = Info.plist; sourceTree = "<group>"; };
		84A2AE8D250138930001BE61 /* hm2UITests.xctest */ = {isa = PBXFileReference; explicitFileType = wrapper.cfbundle; includeInIndex = 0; path = hm2UITests.xctest; sourceTree = BUILT_PRODUCTS_DIR; };
		84A2AE91250138930001BE61 /* hm2UITests.swift */ = {isa = PBXFileReference; lastKnownFileType = sourcecode.swift; path = hm2UITests.swift; sourceTree = "<group>"; };
		84A2AE93250138930001BE61 /* Info.plist */ = {isa = PBXFileReference; lastKnownFileType = text.plist.xml; path = Info.plist; sourceTree = "<group>"; };
/* End PBXFileReference section */

/* Begin PBXFrameworksBuildPhase section */
		84A2AE692501388F0001BE61 /* Frameworks */ = {
			isa = PBXFrameworksBuildPhase;
			buildActionMask = 2147483647;
			files = (
			);
			runOnlyForDeploymentPostprocessing = 0;
		};
		84A2AE7F250138930001BE61 /* Frameworks */ = {
			isa = PBXFrameworksBuildPhase;
			buildActionMask = 2147483647;
			files = (
			);
			runOnlyForDeploymentPostprocessing = 0;
		};
		84A2AE8A250138930001BE61 /* Frameworks */ = {
			isa = PBXFrameworksBuildPhase;
			buildActionMask = 2147483647;
			files = (
			);
			runOnlyForDeploymentPostprocessing = 0;
		};
/* End PBXFrameworksBuildPhase section */

/* Begin PBXGroup section */
		84A2AE632501388F0001BE61 = {
			isa = PBXGroup;
			children = (
				84A2AE6E2501388F0001BE61 /* hm2 */,
				84A2AE85250138930001BE61 /* hm2Tests */,
				84A2AE90250138930001BE61 /* hm2UITests */,
				84A2AE6D2501388F0001BE61 /* Products */,
			);
			sourceTree = "<group>";
		};
		84A2AE6D2501388F0001BE61 /* Products */ = {
			isa = PBXGroup;
			children = (
				84A2AE6C2501388F0001BE61 /* hm2.app */,
				84A2AE82250138930001BE61 /* hm2Tests.xctest */,
				84A2AE8D250138930001BE61 /* hm2UITests.xctest */,
			);
			name = Products;
			sourceTree = "<group>";
		};
		84A2AE6E2501388F0001BE61 /* hm2 */ = {
			isa = PBXGroup;
			children = (
				84A2AE6F2501388F0001BE61 /* AppDelegate.swift */,
				84A2AE712501388F0001BE61 /* SceneDelegate.swift */,
				84A2AE732501388F0001BE61 /* ViewController.swift */,
				84A2AE752501388F0001BE61 /* Main.storyboard */,
				84A2AE78250138920001BE61 /* Assets.xcassets */,
				84A2AE7A250138920001BE61 /* LaunchScreen.storyboard */,
				84A2AE7D250138920001BE61 /* Info.plist */,
			);
			path = hm2;
			sourceTree = "<group>";
		};
		84A2AE85250138930001BE61 /* hm2Tests */ = {
			isa = PBXGroup;
			children = (
				84A2AE86250138930001BE61 /* hm2Tests.swift */,
				84A2AE88250138930001BE61 /* Info.plist */,
			);
			path = hm2Tests;
			sourceTree = "<group>";
		};
		84A2AE90250138930001BE61 /* hm2UITests */ = {
			isa = PBXGroup;
			children = (
				84A2AE91250138930001BE61 /* hm2UITests.swift */,
				84A2AE93250138930001BE61 /* Info.plist */,
			);
			path = hm2UITests;
			sourceTree = "<group>";
		};
/* End PBXGroup section */

/* Begin PBXNativeTarget section */
		84A2AE6B2501388F0001BE61 /* hm2 */ = {
			isa = PBXNativeTarget;
			buildConfigurationList = 84A2AE96250138930001BE61 /* Build configuration list for PBXNativeTarget "hm2" */;
			buildPhases = (
				84A2AE682501388F0001BE61 /* Sources */,
				84A2AE692501388F0001BE61 /* Frameworks */,
				84A2AE6A2501388F0001BE61 /* Resources */,
			);
			buildRules = (
			);
			dependencies = (
			);
			name = hm2;
			productName = hm2;
			productReference = 84A2AE6C2501388F0001BE61 /* hm2.app */;
			productType = "com.apple.product-type.application";
		};
		84A2AE81250138930001BE61 /* hm2Tests */ = {
			isa = PBXNativeTarget;
			buildConfigurationList = 84A2AE99250138930001BE61 /* Build configuration list for PBXNativeTarget "hm2Tests" */;
			buildPhases = (
				84A2AE7E250138930001BE61 /* Sources */,
				84A2AE7F250138930001BE61 /* Frameworks */,
				84A2AE80250138930001BE61 /* Resources */,
			);
			buildRules = (
			);
			dependencies = (
				84A2AE84250138930001BE61 /* PBXTargetDependency */,
			);
			name = hm2Tests;
			productName = hm2Tests;
			productReference = 84A2AE82250138930001BE61 /* hm2Tests.xctest */;
			productType = "com.apple.product-type.bundle.unit-test";
		};
		84A2AE8C250138930001BE61 /* hm2UITests */ = {
			isa = PBXNativeTarget;
			buildConfigurationList = 84A2AE9C250138930001BE61 /* Build configuration list for PBXNativeTarget "hm2UITests" */;
			buildPhases = (
				84A2AE89250138930001BE61 /* Sources */,
				84A2AE8A250138930001BE61 /* Frameworks */,
				84A2AE8B250138930001BE61 /* Resources */,
			);
			buildRules = (
			);
			dependencies = (
				84A2AE8F250138930001BE61 /* PBXTargetDependency */,
			);
			name = hm2UITests;
			productName = hm2UITests;
			productReference = 84A2AE8D250138930001BE61 /* hm2UITests.xctest */;
			productType = "com.apple.product-type.bundle.ui-testing";
		};
/* End PBXNativeTarget section */

/* Begin PBXProject section */
		84A2AE642501388F0001BE61 /* Project object */ = {
			isa = PBXProject;
			attributes = {
				LastSwiftUpdateCheck = 1150;
				LastUpgradeCheck = 1150;
				ORGANIZATIONNAME = admin;
				TargetAttributes = {
					84A2AE6B2501388F0001BE61 = {
						CreatedOnToolsVersion = 11.5;
					};
					84A2AE81250138930001BE61 = {
						CreatedOnToolsVersion = 11.5;
						TestTargetID = 84A2AE6B2501388F0001BE61;
					};
					84A2AE8C250138930001BE61 = {
						CreatedOnToolsVersion = 11.5;
						TestTargetID = 84A2AE6B2501388F0001BE61;
					};
				};
			};
			buildConfigurationList = 84A2AE672501388F0001BE61 /* Build configuration list for PBXProject "hm2" */;
			compatibilityVersion = "Xcode 9.3";
			developmentRegion = en;
			hasScannedForEncodings = 0;
			knownRegions = (
				en,
				Base,
			);
			mainGroup = 84A2AE632501388F0001BE61;
			productRefGroup = 84A2AE6D2501388F0001BE61 /* Products */;
			projectDirPath = "";
			projectRoot = "";
			targets = (
				84A2AE6B2501388F0001BE61 /* hm2 */,
				84A2AE81250138930001BE61 /* hm2Tests */,
				84A2AE8C250138930001BE61 /* hm2UITests */,
			);
		};
/* End PBXProject section */

/* Begin PBXResourcesBuildPhase section */
		84A2AE6A2501388F0001BE61 /* Resources */ = {
			isa = PBXResourcesBuildPhase;
			buildActionMask = 2147483647;
			files = (
				84A2AE7C250138920001BE61 /* LaunchScreen.storyboard in Resources */,
				84A2AE79250138920001BE61 /* Assets.xcassets in Resources */,
				84A2AE772501388F0001BE61 /* Main.storyboard in Resources */,
			);
			runOnlyForDeploymentPostprocessing = 0;
		};
		84A2AE80250138930001BE61 /* Resources */ = {
			isa = PBXResourcesBuildPhase;
			buildActionMask = 2147483647;
			files = (
			);
			runOnlyForDeploymentPostprocessing = 0;
		};
		84A2AE8B250138930001BE61 /* Resources */ = {
			isa = PBXResourcesBuildPhase;
			buildActionMask = 2147483647;
			files = (
			);
			runOnlyForDeploymentPostprocessing = 0;
		};
/* End PBXResourcesBuildPhase section */

/* Begin PBXSourcesBuildPhase section */
		84A2AE682501388F0001BE61 /* Sources */ = {
			isa = PBXSourcesBuildPhase;
			buildActionMask = 2147483647;
			files = (
				84A2AE742501388F0001BE61 /* ViewController.swift in Sources */,
				84A2AE702501388F0001BE61 /* AppDelegate.swift in Sources */,
				84A2AE722501388F0001BE61 /* SceneDelegate.swift in Sources */,
			);
			runOnlyForDeploymentPostprocessing = 0;
		};
		84A2AE7E250138930001BE61 /* Sources */ = {
			isa = PBXSourcesBuildPhase;
			buildActionMask = 2147483647;
			files = (
				84A2AE87250138930001BE61 /* hm2Tests.swift in Sources */,
			);
			runOnlyForDeploymentPostprocessing = 0;
		};
		84A2AE89250138930001BE61 /* Sources */ = {
			isa = PBXSourcesBuildPhase;
			buildActionMask = 2147483647;
			files = (
				84A2AE92250138930001BE61 /* hm2UITests.swift in Sources */,
			);
			runOnlyForDeploymentPostprocessing = 0;
		};
/* End PBXSourcesBuildPhase section */

/* Begin PBXTargetDependency section */
		84A2AE84250138930001BE61 /* PBXTargetDependency */ = {
			isa = PBXTargetDependency;
			target = 84A2AE6B2501388F0001BE61 /* hm2 */;
			targetProxy = 84A2AE83250138930001BE61 /* PBXContainerItemProxy */;
		};
		84A2AE8F250138930001BE61 /* PBXTargetDependency */ = {
			isa = PBXTargetDependency;
			target = 84A2AE6B2501388F0001BE61 /* hm2 */;
			targetProxy = 84A2AE8E250138930001BE61 /* PBXContainerItemProxy */;
		};
/* End PBXTargetDependency section */

/* Begin PBXVariantGroup section */
		84A2AE752501388F0001BE61 /* Main.storyboard */ = {
			isa = PBXVariantGroup;
			children = (
				84A2AE762501388F0001BE61 /* Base */,
			);
			name = Main.storyboard;
			sourceTree = "<group>";
		};
		84A2AE7A250138920001BE61 /* LaunchScreen.storyboard */ = {
			isa = PBXVariantGroup;
			children = (
				84A2AE7B250138920001BE61 /* Base */,
			);
			name = LaunchScreen.storyboard;
			sourceTree = "<group>";
		};
/* End PBXVariantGroup section */

/* Begin XCBuildConfiguration section */
		84A2AE94250138930001BE61 /* Debug */ = {
			isa = XCBuildConfiguration;
			buildSettings = {
				ALWAYS_SEARCH_USER_PATHS = NO;
				CLANG_ANALYZER_NONNULL = YES;
				CLANG_ANALYZER_NUMBER_OBJECT_CONVERSION = YES_AGGRESSIVE;
				CLANG_CXX_LANGUAGE_STANDARD = "gnu++14";
				CLANG_CXX_LIBRARY = "libc++";
				CLANG_ENABLE_MODULES = YES;
				CLANG_ENABLE_OBJC_ARC = YES;
				CLANG_ENABLE_OBJC_WEAK = YES;
				CLANG_WARN_BLOCK_CAPTURE_AUTORELEASING = YES;
				CLANG_WARN_BOOL_CONVERSION = YES;
				CLANG_WARN_COMMA = YES;
				CLANG_WARN_CONSTANT_CONVERSION = YES;
				CLANG_WARN_DEPRECATED_OBJC_IMPLEMENTATIONS = YES;
				CLANG_WARN_DIRECT_OBJC_ISA_USAGE = YES_ERROR;
				CLANG_WARN_DOCUMENTATION_COMMENTS = YES;
				CLANG_WARN_EMPTY_BODY = YES;
				CLANG_WARN_ENUM_CONVERSION = YES;
				CLANG_WARN_INFINITE_RECURSION = YES;
				CLANG_WARN_INT_CONVERSION = YES;
				CLANG_WARN_NON_LITERAL_NULL_CONVERSION = YES;
				CLANG_WARN_OBJC_IMPLICIT_RETAIN_SELF = YES;
				CLANG_WARN_OBJC_LITERAL_CONVERSION = YES;
				CLANG_WARN_OBJC_ROOT_CLASS = YES_ERROR;
				CLANG_WARN_RANGE_LOOP_ANALYSIS = YES;
				CLANG_WARN_STRICT_PROTOTYPES = YES;
				CLANG_WARN_SUSPICIOUS_MOVE = YES;
				CLANG_WARN_UNGUARDED_AVAILABILITY = YES_AGGRESSIVE;
				CLANG_WARN_UNREACHABLE_CODE = YES;
				CLANG_WARN__DUPLICATE_METHOD_MATCH = YES;
				COPY_PHASE_STRIP = NO;
				DEBUG_INFORMATION_FORMAT = dwarf;
				ENABLE_STRICT_OBJC_MSGSEND = YES;
				ENABLE_TESTABILITY = YES;
				GCC_C_LANGUAGE_STANDARD = gnu11;
				GCC_DYNAMIC_NO_PIC = NO;
				GCC_NO_COMMON_BLOCKS = YES;
				GCC_OPTIMIZATION_LEVEL = 0;
				GCC_PREPROCESSOR_DEFINITIONS = (
					"DEBUG=1",
					"$(inherited)",
				);
				GCC_WARN_64_TO_32_BIT_CONVERSION = YES;
				GCC_WARN_ABOUT_RETURN_TYPE = YES_ERROR;
				GCC_WARN_UNDECLARED_SELECTOR = YES;
				GCC_WARN_UNINITIALIZED_AUTOS = YES_AGGRESSIVE;
				GCC_WARN_UNUSED_FUNCTION = YES;
				GCC_WARN_UNUSED_VARIABLE = YES;
				IPHONEOS_DEPLOYMENT_TARGET = 13.5;
				MTL_ENABLE_DEBUG_INFO = INCLUDE_SOURCE;
				MTL_FAST_MATH = YES;
				ONLY_ACTIVE_ARCH = YES;
				SDKROOT = iphoneos;
				SWIFT_ACTIVE_COMPILATION_CONDITIONS = DEBUG;
				SWIFT_OPTIMIZATION_LEVEL = "-Onone";
			};
			name = Debug;
		};
		84A2AE95250138930001BE61 /* Release */ = {
			isa = XCBuildConfiguration;
			buildSettings = {
				ALWAYS_SEARCH_USER_PATHS = NO;
				CLANG_ANALYZER_NONNULL = YES;
				CLANG_ANALYZER_NUMBER_OBJECT_CONVERSION = YES_AGGRESSIVE;
				CLANG_CXX_LANGUAGE_STANDARD = "gnu++14";
				CLANG_CXX_LIBRARY = "libc++";
				CLANG_ENABLE_MODULES = YES;
				CLANG_ENABLE_OBJC_ARC = YES;
				CLANG_ENABLE_OBJC_WEAK = YES;
				CLANG_WARN_BLOCK_CAPTURE_AUTORELEASING = YES;
				CLANG_WARN_BOOL_CONVERSION = YES;
				CLANG_WARN_COMMA = YES;
				CLANG_WARN_CONSTANT_CONVERSION = YES;
				CLANG_WARN_DEPRECATED_OBJC_IMPLEMENTATIONS = YES;
				CLANG_WARN_DIRECT_OBJC_ISA_USAGE = YES_ERROR;
				CLANG_WARN_DOCUMENTATION_COMMENTS = YES;
				CLANG_WARN_EMPTY_BODY = YES;
				CLANG_WARN_ENUM_CONVERSION = YES;
				CLANG_WARN_INFINITE_RECURSION = YES;
				CLANG_WARN_INT_CONVERSION = YES;
				CLANG_WARN_NON_LITERAL_NULL_CONVERSION = YES;
				CLANG_WARN_OBJC_IMPLICIT_RETAIN_SELF = YES;
				CLANG_WARN_OBJC_LITERAL_CONVERSION = YES;
				CLANG_WARN_OBJC_ROOT_CLASS = YES_ERROR;
				CLANG_WARN_RANGE_LOOP_ANALYSIS = YES;
				CLANG_WARN_STRICT_PROTOTYPES = YES;
				CLANG_WARN_SUSPICIOUS_MOVE = YES;
				CLANG_WARN_UNGUARDED_AVAILABILITY = YES_AGGRESSIVE;
				CLANG_WARN_UNREACHABLE_CODE = YES;
				CLANG_WARN__DUPLICATE_METHOD_MATCH = YES;
				COPY_PHASE_STRIP = NO;
				DEBUG_INFORMATION_FORMAT = "dwarf-with-dsym";
				ENABLE_NS_ASSERTIONS = NO;
				ENABLE_STRICT_OBJC_MSGSEND = YES;
				GCC_C_LANGUAGE_STANDARD = gnu11;
				GCC_NO_COMMON_BLOCKS = YES;
				GCC_WARN_64_TO_32_BIT_CONVERSION = YES;
				GCC_WARN_ABOUT_RETURN_TYPE = YES_ERROR;
				GCC_WARN_UNDECLARED_SELECTOR = YES;
				GCC_WARN_UNINITIALIZED_AUTOS = YES_AGGRESSIVE;
				GCC_WARN_UNUSED_FUNCTION = YES;
				GCC_WARN_UNUSED_VARIABLE = YES;
				IPHONEOS_DEPLOYMENT_TARGET = 13.5;
				MTL_ENABLE_DEBUG_INFO = NO;
				MTL_FAST_MATH = YES;
				SDKROOT = iphoneos;
				SWIFT_COMPILATION_MODE = wholemodule;
				SWIFT_OPTIMIZATION_LEVEL = "-O";
				VALIDATE_PRODUCT = YES;
			};
			name = Release;
		};
		84A2AE97250138930001BE61 /* Debug */ = {
			isa = XCBuildConfiguration;
			buildSettings = {
				ASSETCATALOG_COMPILER_APPICON_NAME = AppIcon;
				CODE_SIGN_STYLE = Automatic;
				INFOPLIST_FILE = hm2/Info.plist;
				LD_RUNPATH_SEARCH_PATHS = (
					"$(inherited)",
					"@executable_path/Frameworks",
				);
				PRODUCT_BUNDLE_IDENTIFIER = com.abdo.abdo.hm2;
				PRODUCT_NAME = "$(TARGET_NAME)";
				SWIFT_VERSION = 5.0;
				TARGETED_DEVICE_FAMILY = "1,2";
			};
			name = Debug;
		};
		84A2AE98250138930001BE61 /* Release */ = {
			isa = XCBuildConfiguration;
			buildSettings = {
				ASSETCATALOG_COMPILER_APPICON_NAME = AppIcon;
				CODE_SIGN_STYLE = Automatic;
				INFOPLIST_FILE = hm2/Info.plist;
				LD_RUNPATH_SEARCH_PATHS = (
					"$(inherited)",
					"@executable_path/Frameworks",
				);
				PRODUCT_BUNDLE_IDENTIFIER = com.abdo.abdo.hm2;
				PRODUCT_NAME = "$(TARGET_NAME)";
				SWIFT_VERSION = 5.0;
				TARGETED_DEVICE_FAMILY = "1,2";
			};
			name = Release;
		};
		84A2AE9A250138930001BE61 /* Debug */ = {
			isa = XCBuildConfiguration;
			buildSettings = {
				ALWAYS_EMBED_SWIFT_STANDARD_LIBRARIES = YES;
				BUNDLE_LOADER = "$(TEST_HOST)";
				CODE_SIGN_STYLE = Automatic;
				INFOPLIST_FILE = hm2Tests/Info.plist;
				IPHONEOS_DEPLOYMENT_TARGET = 13.5;
				LD_RUNPATH_SEARCH_PATHS = (
					"$(inherited)",
					"@executable_path/Frameworks",
					"@loader_path/Frameworks",
				);
				PRODUCT_BUNDLE_IDENTIFIER = com.abdo.abdo.hm2Tests;
				PRODUCT_NAME = "$(TARGET_NAME)";
				SWIFT_VERSION = 5.0;
				TARGETED_DEVICE_FAMILY = "1,2";
				TEST_HOST = "$(BUILT_PRODUCTS_DIR)/hm2.app/hm2";
			};
			name = Debug;
		};
		84A2AE9B250138930001BE61 /* Release */ = {
			isa = XCBuildConfiguration;
			buildSettings = {
				ALWAYS_EMBED_SWIFT_STANDARD_LIBRARIES = YES;
				BUNDLE_LOADER = "$(TEST_HOST)";
				CODE_SIGN_STYLE = Automatic;
				INFOPLIST_FILE = hm2Tests/Info.plist;
				IPHONEOS_DEPLOYMENT_TARGET = 13.5;
				LD_RUNPATH_SEARCH_PATHS = (
					"$(inherited)",
					"@executable_path/Frameworks",
					"@loader_path/Frameworks",
				);
				PRODUCT_BUNDLE_IDENTIFIER = com.abdo.abdo.hm2Tests;
				PRODUCT_NAME = "$(TARGET_NAME)";
				SWIFT_VERSION = 5.0;
				TARGETED_DEVICE_FAMILY = "1,2";
				TEST_HOST = "$(BUILT_PRODUCTS_DIR)/hm2.app/hm2";
			};
			name = Release;
		};
		84A2AE9D250138930001BE61 /* Debug */ = {
			isa = XCBuildConfiguration;
			buildSettings = {
				ALWAYS_EMBED_SWIFT_STANDARD_LIBRARIES = YES;
				CODE_SIGN_STYLE = Automatic;
				INFOPLIST_FILE = hm2UITests/Info.plist;
				LD_RUNPATH_SEARCH_PATHS = (
					"$(inherited)",
					"@executable_path/Frameworks",
					"@loader_path/Frameworks",
				);
				PRODUCT_BUNDLE_IDENTIFIER = com.abdo.abdo.hm2UITests;
				PRODUCT_NAME = "$(TARGET_NAME)";
				SWIFT_VERSION = 5.0;
				TARGETED_DEVICE_FAMILY = "1,2";
				TEST_TARGET_NAME = hm2;
			};
			name = Debug;
		};
		84A2AE9E250138930001BE61 /* Release */ = {
			isa = XCBuildConfiguration;
			buildSettings = {
				ALWAYS_EMBED_SWIFT_STANDARD_LIBRARIES = YES;
				CODE_SIGN_STYLE = Automatic;
				INFOPLIST_FILE = hm2UITests/Info.plist;
				LD_RUNPATH_SEARCH_PATHS = (
					"$(inherited)",
					"@executable_path/Frameworks",
					"@loader_path/Frameworks",
				);
				PRODUCT_BUNDLE_IDENTIFIER = com.abdo.abdo.hm2UITests;
				PRODUCT_NAME = "$(TARGET_NAME)";
				SWIFT_VERSION = 5.0;
				TARGETED_DEVICE_FAMILY = "1,2";
				TEST_TARGET_NAME = hm2;
			};
			name = Release;
		};
/* End XCBuildConfiguration section */

/* Begin XCConfigurationList section */
		84A2AE672501388F0001BE61 /* Build configuration list for PBXProject "hm2" */ = {
			isa = XCConfigurationList;
			buildConfigurations = (
				84A2AE94250138930001BE61 /* Debug */,
				84A2AE95250138930001BE61 /* Release */,
			);
			defaultConfigurationIsVisible = 0;
			defaultConfigurationName = Release;
		};
		84A2AE96250138930001BE61 /* Build configuration list for PBXNativeTarget "hm2" */ = {
			isa = XCConfigurationList;
			buildConfigurations = (
				84A2AE97250138930001BE61 /* Debug */,
				84A2AE98250138930001BE61 /* Release */,
			);
			defaultConfigurationIsVisible = 0;
			defaultConfigurationName = Release;
		};
		84A2AE99250138930001BE61 /* Build configuration list for PBXNativeTarget "hm2Tests" */ = {
			isa = XCConfigurationList;
			buildConfigurations = (
				84A2AE9A250138930001BE61 /* Debug */,
				84A2AE9B250138930001BE61 /* Release */,
			);
			defaultConfigurationIsVisible = 0;
			defaultConfigurationName = Release;
		};
		84A2AE9C250138930001BE61 /* Build configuration list for PBXNativeTarget "hm2UITests" */ = {
			isa = XCConfigurationList;
			buildConfigurations = (
				84A2AE9D250138930001BE61 /* Debug */,
				84A2AE9E250138930001BE61 /* Release */,
			);
			defaultConfigurationIsVisible = 0;
			defaultConfigurationName = Release;
		};
/* End XCConfigurationList section */
	};
	rootObject = 84A2AE642501388F0001BE61 /* Project object */;
}
